{
  "lockfileVersion": 1,
  "workspaces": {
    "": {
      "name": "aiscript-transpiler",
      "dependencies": {
        "@syuilo/aiscript": "^1.1.2",
        "commander": "^14.0.2",
      },
      "devDependencies": {
        "@biomejs/biome": "^2.3.2",
        "@types/bun": "latest",
        "@types/node": "^20.0.0",
        "lefthook": "^2.0.2",
        "typescript": "^5.9.3",
      },
    },
  },
  "packages": {
    "@biomejs/biome": ["@biomejs/biome@2.3.2", "", { "optionalDependencies": { "@biomejs/cli-darwin-arm64": "2.3.2", "@biomejs/cli-darwin-x64": "2.3.2", "@biomejs/cli-linux-arm64": "2.3.2", "@biomejs/cli-linux-arm64-musl": "2.3.2", "@biomejs/cli-linux-x64": "2.3.2", "@biomejs/cli-linux-x64-musl": "2.3.2", "@biomejs/cli-win32-arm64": "2.3.2", "@biomejs/cli-win32-x64": "2.3.2" }, "bin": { "biome": "bin/biome" } }, "sha512-8e9tzamuDycx7fdrcJ/F/GDZ8SYukc5ud6tDicjjFqURKYFSWMl0H0iXNXZEGmcmNUmABgGuHThPykcM41INgg=="],

    "@biomejs/cli-darwin-arm64": ["@biomejs/cli-darwin-arm64@2.3.2", "", { "os": "darwin", "cpu": "arm64" }, "sha512-4LECm4kc3If0JISai4c3KWQzukoUdpxy4fRzlrPcrdMSRFksR9ZoXK7JBcPuLBmd2SoT4/d7CQS33VnZpgBjew=="],

    "@biomejs/cli-darwin-x64": ["@biomejs/cli-darwin-x64@2.3.2", "", { "os": "darwin", "cpu": "x64" }, "sha512-jNMnfwHT4N3wi+ypRfMTjLGnDmKYGzxVr1EYAPBcauRcDnICFXN81wD6wxJcSUrLynoyyYCdfW6vJHS/IAoTDA=="],

    "@biomejs/cli-linux-arm64": ["@biomejs/cli-linux-arm64@2.3.2", "", { "os": "linux", "cpu": "arm64" }, "sha512-amnqvk+gWybbQleRRq8TMe0rIv7GHss8mFJEaGuEZYWg1Tw14YKOkeo8h6pf1c+d3qR+JU4iT9KXnBKGON4klw=="],

    "@biomejs/cli-linux-arm64-musl": ["@biomejs/cli-linux-arm64-musl@2.3.2", "", { "os": "linux", "cpu": "arm64" }, "sha512-2Zz4usDG1GTTPQnliIeNx6eVGGP2ry5vE/v39nT73a3cKN6t5H5XxjcEoZZh62uVZvED7hXXikclvI64vZkYqw=="],

    "@biomejs/cli-linux-x64": ["@biomejs/cli-linux-x64@2.3.2", "", { "os": "linux", "cpu": "x64" }, "sha512-8BG/vRAhFz1pmuyd24FQPhNeueLqPtwvZk6yblABY2gzL2H8fLQAF/Z2OPIc+BPIVPld+8cSiKY/KFh6k81xfA=="],

    "@biomejs/cli-linux-x64-musl": ["@biomejs/cli-linux-x64-musl@2.3.2", "", { "os": "linux", "cpu": "x64" }, "sha512-gzB19MpRdTuOuLtPpFBGrV3Lq424gHyq2lFj8wfX9tvLMLdmA/R9C7k/mqBp/spcbWuHeIEKgEs3RviOPcWGBA=="],

    "@biomejs/cli-win32-arm64": ["@biomejs/cli-win32-arm64@2.3.2", "", { "os": "win32", "cpu": "arm64" }, "sha512-lCruqQlfWjhMlOdyf5pDHOxoNm4WoyY2vZ4YN33/nuZBRstVDuqPPjS0yBkbUlLEte11FbpW+wWSlfnZfSIZvg=="],

    "@biomejs/cli-win32-x64": ["@biomejs/cli-win32-x64@2.3.2", "", { "os": "win32", "cpu": "x64" }, "sha512-6Ee9P26DTb4D8sN9nXxgbi9Dw5vSOfH98M7UlmkjKB2vtUbrRqCbZiNfryGiwnPIpd6YUoTl7rLVD2/x1CyEHQ=="],

    "@syuilo/aiscript": ["@syuilo/aiscript@1.1.2", "", { "dependencies": { "seedrandom": "3.0.5", "stringz": "2.1.0", "uuid": "11.1.0" } }, "sha512-cijsHTiMjeECocElyjRIcWMPGDhZIX3YfCOyzI6AZM8ajxRQ2hSqJwEh9pDr4mVTml9kLMHWDHmgfHkTHRJ1sg=="],

    "@types/bun": ["@types/bun@1.2.23", "", { "dependencies": { "bun-types": "1.2.23" } }, "sha512-le8ueOY5b6VKYf19xT3McVbXqLqmxzPXHsQT/q9JHgikJ2X22wyTW3g3ohz2ZMnp7dod6aduIiq8A14Xyimm0A=="],

    "@types/node": ["@types/node@20.19.24", "", { "dependencies": { "undici-types": "~6.21.0" } }, "sha512-FE5u0ezmi6y9OZEzlJfg37mqqf6ZDSF2V/NLjUyGrR9uTZ7Sb9F7bLNZ03S4XVUNRWGA7Ck4c1kK+YnuWjl+DA=="],

    "@types/react": ["@types/react@19.2.2", "", { "dependencies": { "csstype": "^3.0.2" } }, "sha512-6mDvHUFSjyT2B2yeNx2nUgMxh9LtOWvkhIU3uePn2I2oyNymUAX1NIsdgviM4CH+JSrp2D2hsMvJOkxY+0wNRA=="],

    "bun-types": ["bun-types@1.2.23", "", { "dependencies": { "@types/node": "*" }, "peerDependencies": { "@types/react": "^19" } }, "sha512-R9f0hKAZXgFU3mlrA0YpE/fiDvwV0FT9rORApt2aQVWSuJDzZOyB5QLc0N/4HF57CS8IXJ6+L5E4W1bW6NS2Aw=="],

    "char-regex": ["char-regex@1.0.2", "", {}, "sha512-kWWXztvZ5SBQV+eRgKFeh8q5sLuZY2+8WUIzlxWVTg+oGwY14qylx1KbKzHd8P6ZYkAg0xyIDU9JMHhyJMZ1jw=="],

    "commander": ["commander@14.0.2", "", {}, "sha512-TywoWNNRbhoD0BXs1P3ZEScW8W5iKrnbithIl0YH+uCmBd0QpPOA8yc82DS3BIE5Ma6FnBVUsJ7wVUDz4dvOWQ=="],

    "csstype": ["csstype@3.1.3", "", {}, "sha512-M1uQkMl8rQK/szD0LNhtqxIPLpimGm8sOBwU7lLnCpSbTyY3yeU1Vc7l4KT5zT4s/yOxHH5O7tIuuLOCnLADRw=="],

    "lefthook": ["lefthook@2.0.2", "", { "optionalDependencies": { "lefthook-darwin-arm64": "2.0.2", "lefthook-darwin-x64": "2.0.2", "lefthook-freebsd-arm64": "2.0.2", "lefthook-freebsd-x64": "2.0.2", "lefthook-linux-arm64": "2.0.2", "lefthook-linux-x64": "2.0.2", "lefthook-openbsd-arm64": "2.0.2", "lefthook-openbsd-x64": "2.0.2", "lefthook-windows-arm64": "2.0.2", "lefthook-windows-x64": "2.0.2" }, "bin": { "lefthook": "bin/index.js" } }, "sha512-2lrSva53G604ZWjK5kHYvDdwb5GzbhciIPWhebv0A8ceveqSsnG2JgVEt+DnhOPZ4VfNcXvt3/ohFBPNpuAlVw=="],

    "lefthook-darwin-arm64": ["lefthook-darwin-arm64@2.0.2", "", { "os": "darwin", "cpu": "arm64" }, "sha512-x/4AOinpMS2abZyA/krDd50cRPZit/6P670Z1mJjfS0+fPZkFw7AXpjxroiN0rgglg78vD7BwcA5331z4YZa5g=="],

    "lefthook-darwin-x64": ["lefthook-darwin-x64@2.0.2", "", { "os": "darwin", "cpu": "x64" }, "sha512-MSb8XZBfmlNvCpuLiQqrJS+sPiSEAyuoHOMZOHjlceYqO0leVVw9YfePVcb4Vi/PqOYngTdJk83MmYvqhsSNTQ=="],

    "lefthook-freebsd-arm64": ["lefthook-freebsd-arm64@2.0.2", "", { "os": "freebsd", "cpu": "arm64" }, "sha512-gewPsUPc3J/n2/RrhHLS9jtL3qK4HcTED25vfExhvFRW3eT1SDYaBbXnUUmB8SE0zE8Bl6AfEdT2zzZcPbOFuA=="],

    "lefthook-freebsd-x64": ["lefthook-freebsd-x64@2.0.2", "", { "os": "freebsd", "cpu": "x64" }, "sha512-fsLlaChiKAWiSavQO2LXPR8Z9OcBnyMDvmkIlXC0lG3SjBb9xbVdBdDVlcrsUyDCs5YstmGYHuzw6DfJYpAE1g=="],

    "lefthook-linux-arm64": ["lefthook-linux-arm64@2.0.2", "", { "os": "linux", "cpu": "arm64" }, "sha512-vNl3HiZud9T2nGHMngvLw3hSJgutjlN/Lzf5/5jKt/2IIuyd9L3UYktWC9HLUb03Zukr7jeaxG3+VxdAohQwAw=="],

    "lefthook-linux-x64": ["lefthook-linux-x64@2.0.2", "", { "os": "linux", "cpu": "x64" }, "sha512-0ghHMPu4fixIieS8V2k2yZHvcFd9pP0q+sIAIaWo8x7ce/AOQIXFCPHGPAOc8/wi5uVtfyEvCnhxIDKf+lHA2A=="],

    "lefthook-openbsd-arm64": ["lefthook-openbsd-arm64@2.0.2", "", { "os": "openbsd", "cpu": "arm64" }, "sha512-qfXnDM8jffut9rylvi3T+HOqlNRkFYqIDUXeVXlY7dmwCW4u2K46p0W4M3BmAVUeL/MRxBRnjze//Yy6aCbGQw=="],

    "lefthook-openbsd-x64": ["lefthook-openbsd-x64@2.0.2", "", { "os": "openbsd", "cpu": "x64" }, "sha512-RXqR0FiDTwsQv1X3QVsuBFneWeNXS+tmPFIX8F6Wz9yDPHF8+vBnkWCju6HdkTVTY71Ba5HbYGKEVDvscJkU7Q=="],

    "lefthook-windows-arm64": ["lefthook-windows-arm64@2.0.2", "", { "os": "win32", "cpu": "arm64" }, "sha512-KfLKhiUPHP9Aea+9D7or2hgL9wtKEV+GHpx7LBg82ZhCXkAml6rop7mWsBgL80xPYLqMahKolZGO+8z5H6W4HQ=="],

    "lefthook-windows-x64": ["lefthook-windows-x64@2.0.2", "", { "os": "win32", "cpu": "x64" }, "sha512-TdysWxGRNtuRg5bN6Uj00tZJIsHTrF/7FavoR5rp1sq21QJhJi36M4I3UVlmOKAUCKhibAIAauZWmX7yaW3eHA=="],

    "seedrandom": ["seedrandom@3.0.5", "", {}, "sha512-8OwmbklUNzwezjGInmZ+2clQmExQPvomqjL7LFqOYqtmuxRgQYqOD3mHaU+MvZn5FLUeVxVfQjwLZW/n/JFuqg=="],

    "stringz": ["stringz@2.1.0", "", { "dependencies": { "char-regex": "^1.0.2" } }, "sha512-KlywLT+MZ+v0IRepfMxRtnSvDCMc3nR1qqCs3m/qIbSOWkNZYT8XHQA31rS3TnKp0c5xjZu3M4GY/2aRKSi/6A=="],

    "typescript": ["typescript@5.9.3", "", { "bin": { "tsc": "bin/tsc", "tsserver": "bin/tsserver" } }, "sha512-jl1vZzPDinLr9eUt3J/t7V6FgNEw9QjvBPdysz9KfQDD41fQrC2Y4vKQdiaUpFT4bXlb1RHhLpp8wtm6M5TgSw=="],

    "undici-types": ["undici-types@6.21.0", "", {}, "sha512-iwDZqg0QAGrg9Rav5H4n0M64c3mkR59cJ6wQp+7C4nI0gsmExaedaYLNO44eT4AtBBwjbTiGPMlt2Md0T9H9JQ=="],

    "uuid": ["uuid@11.1.0", "", { "bin": { "uuid": "dist/esm/bin/uuid" } }, "sha512-0/A9rDy9P7cJ+8w1c9WD9V//9Wj15Ce2MPz8Ri6032usz+NfePxx5AcN3bN+r6ZL6jEo066/yNYB3tn4pQEx+A=="],

    "bun-types/@types/node": ["@types/node@24.7.0", "", { "dependencies": { "undici-types": "~7.14.0" } }, "sha512-IbKooQVqUBrlzWTi79E8Fw78l8k1RNtlDDNWsFZs7XonuQSJ8oNYfEeclhprUldXISRMLzBpILuKgPlIxm+/Yw=="],

    "bun-types/@types/node/undici-types": ["undici-types@7.14.0", "", {}, "sha512-QQiYxHuyZ9gQUIrmPo3IA+hUl4KYk8uSA7cHrcKd/l3p1OTpZcM0Tbp9x7FAtXdAYhlasd60ncPpgu6ihG6TOA=="],
  }
}
